{
  "originHash" : "37776c7554dd7b173668c1d8d1725f641cf0fc60bf107fea63da96c440d1ad5e",
  "pins" : [
    {
      "identity" : "ios-milibris-reader-sdk",
      "kind" : "remoteSourceControl",
      "location" : "https://github.com/miLibris/ios-milibris-reader-sdk.git",
      "state" : {
        "branch" : "main",
        "revision" : "f5d60d48ea4824c9cfb5f170a2848811d1dde79c"
      }
    }
  ],
  "version" : 3
}
